
Microsoft Visual Studio Solution File, Format Version 12.00
# Visual Studio 15
VisualStudioVersion = 15.0.27004.2005
MinimumVisualStudioVersion = 10.0.40219.1
Project("{2150E333-8FDC-42A3-9474-1A3956D46DE8}") = ".nuget", ".nuget", "{D31F4300-F849-4D8C-8A23-5FE98B6A7892}"
	ProjectSection(SolutionItems) = preProject
		nuget.config = nuget.config
	EndProjectSection
EndProject
Project("{2150E333-8FDC-42A3-9474-1A3956D46DE8}") = "0-Presentation", "0-Presentation", "{B842D2B7-7E9A-46F3-BE61-7AF2962EE035}"
EndProject
Project("{2150E333-8FDC-42A3-9474-1A3956D46DE8}") = "1-Services", "1-Services", "{5A9FDE2A-2357-47AD-9022-58997374395E}"
EndProject
Project("{2150E333-8FDC-42A3-9474-1A3956D46DE8}") = "2-Application", "2-Application", "{045B88DB-944A-4774-8B21-FEA3871CAAD6}"
EndProject
Project("{2150E333-8FDC-42A3-9474-1A3956D46DE8}") = "3-Domain", "3-Domain", "{39312AF1-CB5B-4877-974C-5F03D7B93191}"
EndProject
Project("{2150E333-8FDC-42A3-9474-1A3956D46DE8}") = "4-Infrastructure", "4-Infrastructure", "{07F1D291-8BA6-4105-A2F5-9496D5CBB720}"
EndProject
Project("{2150E333-8FDC-42A3-9474-1A3956D46DE8}") = "4.1-Data", "4.1-Data", "{CEA87614-3FBD-4C43-8BC8-9348A2EDE9EB}"
EndProject
Project("{2150E333-8FDC-42A3-9474-1A3956D46DE8}") = "4.2-CrossCutting", "4.2-CrossCutting", "{49CEF95E-F56B-47D3-B749-DDEA65F98451}"
EndProject
Project("{2150E333-8FDC-42A3-9474-1A3956D46DE8}") = "1.1-Api", "1.1-Api", "{3275A5A2-3D80-4FD0-A82A-5470F3DB16EC}"
EndProject
Project("{FAE04EC0-301F-11D3-BF4B-00C04F79EFBC}") = "Domain", "Domain\Domain.csproj", "{26B7D569-BC43-4ECF-83C8-8DA03B70CA4C}"
EndProject
Project("{FAE04EC0-301F-11D3-BF4B-00C04F79EFBC}") = "Dto", "Dto\Dto.csproj", "{78198F5E-3048-4BBA-9C96-F98613221550}"
EndProject
Project("{FAE04EC0-301F-11D3-BF4B-00C04F79EFBC}") = "IoC", "IoC\IoC.csproj", "{2CF07879-9D9E-42B8-950C-4C5E0B08DB37}"
EndProject
Project("{FAE04EC0-301F-11D3-BF4B-00C04F79EFBC}") = "Context", "Context\Context.csproj", "{14DEDAA2-3D4B-45BC-AB54-61F768E82F89}"
EndProject
Project("{FAE04EC0-301F-11D3-BF4B-00C04F79EFBC}") = "Repository", "Repository\Repository.csproj", "{D828FA5F-59B0-4408-9463-01127AA10293}"
EndProject
Project("{FAE04EC0-301F-11D3-BF4B-00C04F79EFBC}") = "Application", "Application\Application.csproj", "{20A0AEE2-36A1-4673-AE67-E2B850CDEA2D}"
EndProject
Project("{9A19103F-16F7-4668-BE54-9A1E7A4F7556}") = "ApiService", "ApiService\ApiService.csproj", "{44E9A1F5-0DF3-4351-9ABC-98DC75461EA0}"
EndProject
Project("{FAE04EC0-301F-11D3-BF4B-00C04F79EFBC}") = "Utils", "Utils\Utils.csproj", "{C9DE5CEC-B981-4BE6-98AA-1B1D90EFF162}"
EndProject
Project("{2150E333-8FDC-42A3-9474-1A3956D46DE8}") = "PacotesTce", "PacotesTce", "{72D60324-146C-475E-A8FE-CE47221AA450}"
EndProject
Project("{FAE04EC0-301F-11D3-BF4B-00C04F79EFBC}") = "TCE.Aop", "..\..\TCE.Base\AOP\TCE.Aop\TCE.Aop.csproj", "{15BB49EA-3AA3-44A9-8D10-3015526F2B0C}"
EndProject
Project("{FAE04EC0-301F-11D3-BF4B-00C04F79EFBC}") = "TCE.CrossCutting.Dto", "..\..\TCE.Base\CrossCutting\TCE.CrossCutting\TCE.CrossCutting.Dto.csproj", "{0CC4DF1B-F991-499E-BFEE-1FA399FC47E4}"
EndProject
Project("{FAE04EC0-301F-11D3-BF4B-00C04F79EFBC}") = "TCE.Repository", "..\..\TCE.Base\Repository\TCE.Repository\TCE.Repository.csproj", "{4EE254C8-42F3-4B3C-937B-DA5835A185AD}"
EndProject
Project("{FAE04EC0-301F-11D3-BF4B-00C04F79EFBC}") = "TCE.DomainLayerBase", "..\..\TCE.Base\Domain\TCE.DomainLayerBase\TCE.DomainLayerBase.csproj", "{0B426BF9-CD88-4B1C-A231-BB37D161200A}"
EndProject
Project("{FAE04EC0-301F-11D3-BF4B-00C04F79EFBC}") = "TCE.AppLayerBase", "..\..\TCE.Base\APP\TCE.AppLayerBase\TCE.AppLayerBase.csproj", "{32C820E4-6149-4356-927D-081C803C7CE7}"
EndProject
Project("{9A19103F-16F7-4668-BE54-9A1E7A4F7556}") = "TCE.Web.Api", "..\..\TCE.Base\API\src\TCE.Web.Api\TCE.Web.Api.csproj", "{FCD26C26-49AA-48C2-9D46-D462ED6090D8}"
EndProject
Project("{FAE04EC0-301F-11D3-BF4B-00C04F79EFBC}") = "AcL", "AcL\AcL.csproj", "{1CA5A7D2-A9D2-4DD0-B2F0-31FB4BCCAB98}"
EndProject
Project("{FAE04EC0-301F-11D3-BF4B-00C04F79EFBC}") = "Resources", "Resources\Resources.csproj", "{875F9F82-3F9D-47D5-A561-544E97A3F22B}"
EndProject
Global
	GlobalSection(SolutionConfigurationPlatforms) = preSolution
		Debug|Any CPU = Debug|Any CPU
		Release|Any CPU = Release|Any CPU
	EndGlobalSection
	GlobalSection(ProjectConfigurationPlatforms) = postSolution
		{26B7D569-BC43-4ECF-83C8-8DA03B70CA4C}.Debug|Any CPU.ActiveCfg = Debug|Any CPU
		{26B7D569-BC43-4ECF-83C8-8DA03B70CA4C}.Debug|Any CPU.Build.0 = Debug|Any CPU
		{26B7D569-BC43-4ECF-83C8-8DA03B70CA4C}.Release|Any CPU.ActiveCfg = Release|Any CPU
		{26B7D569-BC43-4ECF-83C8-8DA03B70CA4C}.Release|Any CPU.Build.0 = Release|Any CPU
		{78198F5E-3048-4BBA-9C96-F98613221550}.Debug|Any CPU.ActiveCfg = Debug|Any CPU
		{78198F5E-3048-4BBA-9C96-F98613221550}.Debug|Any CPU.Build.0 = Debug|Any CPU
		{78198F5E-3048-4BBA-9C96-F98613221550}.Release|Any CPU.ActiveCfg = Release|Any CPU
		{78198F5E-3048-4BBA-9C96-F98613221550}.Release|Any CPU.Build.0 = Release|Any CPU
		{2CF07879-9D9E-42B8-950C-4C5E0B08DB37}.Debug|Any CPU.ActiveCfg = Debug|Any CPU
		{2CF07879-9D9E-42B8-950C-4C5E0B08DB37}.Debug|Any CPU.Build.0 = Debug|Any CPU
		{2CF07879-9D9E-42B8-950C-4C5E0B08DB37}.Release|Any CPU.ActiveCfg = Release|Any CPU
		{2CF07879-9D9E-42B8-950C-4C5E0B08DB37}.Release|Any CPU.Build.0 = Release|Any CPU
		{14DEDAA2-3D4B-45BC-AB54-61F768E82F89}.Debug|Any CPU.ActiveCfg = Debug|Any CPU
		{14DEDAA2-3D4B-45BC-AB54-61F768E82F89}.Debug|Any CPU.Build.0 = Debug|Any CPU
		{14DEDAA2-3D4B-45BC-AB54-61F768E82F89}.Release|Any CPU.ActiveCfg = Release|Any CPU
		{14DEDAA2-3D4B-45BC-AB54-61F768E82F89}.Release|Any CPU.Build.0 = Release|Any CPU
		{D828FA5F-59B0-4408-9463-01127AA10293}.Debug|Any CPU.ActiveCfg = Debug|Any CPU
		{D828FA5F-59B0-4408-9463-01127AA10293}.Debug|Any CPU.Build.0 = Debug|Any CPU
		{D828FA5F-59B0-4408-9463-01127AA10293}.Release|Any CPU.ActiveCfg = Release|Any CPU
		{D828FA5F-59B0-4408-9463-01127AA10293}.Release|Any CPU.Build.0 = Release|Any CPU
		{20A0AEE2-36A1-4673-AE67-E2B850CDEA2D}.Debug|Any CPU.ActiveCfg = Debug|Any CPU
		{20A0AEE2-36A1-4673-AE67-E2B850CDEA2D}.Debug|Any CPU.Build.0 = Debug|Any CPU
		{20A0AEE2-36A1-4673-AE67-E2B850CDEA2D}.Release|Any CPU.ActiveCfg = Release|Any CPU
		{20A0AEE2-36A1-4673-AE67-E2B850CDEA2D}.Release|Any CPU.Build.0 = Release|Any CPU
		{44E9A1F5-0DF3-4351-9ABC-98DC75461EA0}.Debug|Any CPU.ActiveCfg = Debug|Any CPU
		{44E9A1F5-0DF3-4351-9ABC-98DC75461EA0}.Debug|Any CPU.Build.0 = Debug|Any CPU
		{44E9A1F5-0DF3-4351-9ABC-98DC75461EA0}.Release|Any CPU.ActiveCfg = Release|Any CPU
		{44E9A1F5-0DF3-4351-9ABC-98DC75461EA0}.Release|Any CPU.Build.0 = Release|Any CPU
		{C9DE5CEC-B981-4BE6-98AA-1B1D90EFF162}.Debug|Any CPU.ActiveCfg = Debug|Any CPU
		{C9DE5CEC-B981-4BE6-98AA-1B1D90EFF162}.Debug|Any CPU.Build.0 = Debug|Any CPU
		{C9DE5CEC-B981-4BE6-98AA-1B1D90EFF162}.Release|Any CPU.ActiveCfg = Release|Any CPU
		{C9DE5CEC-B981-4BE6-98AA-1B1D90EFF162}.Release|Any CPU.Build.0 = Release|Any CPU
		{15BB49EA-3AA3-44A9-8D10-3015526F2B0C}.Debug|Any CPU.ActiveCfg = Debug|Any CPU
		{15BB49EA-3AA3-44A9-8D10-3015526F2B0C}.Debug|Any CPU.Build.0 = Debug|Any CPU
		{15BB49EA-3AA3-44A9-8D10-3015526F2B0C}.Release|Any CPU.ActiveCfg = Release|Any CPU
		{15BB49EA-3AA3-44A9-8D10-3015526F2B0C}.Release|Any CPU.Build.0 = Release|Any CPU
		{0CC4DF1B-F991-499E-BFEE-1FA399FC47E4}.Debug|Any CPU.ActiveCfg = Debug|Any CPU
		{0CC4DF1B-F991-499E-BFEE-1FA399FC47E4}.Debug|Any CPU.Build.0 = Debug|Any CPU
		{0CC4DF1B-F991-499E-BFEE-1FA399FC47E4}.Release|Any CPU.ActiveCfg = Release|Any CPU
		{0CC4DF1B-F991-499E-BFEE-1FA399FC47E4}.Release|Any CPU.Build.0 = Release|Any CPU
		{4EE254C8-42F3-4B3C-937B-DA5835A185AD}.Debug|Any CPU.ActiveCfg = Debug|Any CPU
		{4EE254C8-42F3-4B3C-937B-DA5835A185AD}.Debug|Any CPU.Build.0 = Debug|Any CPU
		{4EE254C8-42F3-4B3C-937B-DA5835A185AD}.Release|Any CPU.ActiveCfg = Release|Any CPU
		{4EE254C8-42F3-4B3C-937B-DA5835A185AD}.Release|Any CPU.Build.0 = Release|Any CPU
		{0B426BF9-CD88-4B1C-A231-BB37D161200A}.Debug|Any CPU.ActiveCfg = Debug|Any CPU
		{0B426BF9-CD88-4B1C-A231-BB37D161200A}.Debug|Any CPU.Build.0 = Debug|Any CPU
		{0B426BF9-CD88-4B1C-A231-BB37D161200A}.Release|Any CPU.ActiveCfg = Release|Any CPU
		{0B426BF9-CD88-4B1C-A231-BB37D161200A}.Release|Any CPU.Build.0 = Release|Any CPU
		{32C820E4-6149-4356-927D-081C803C7CE7}.Debug|Any CPU.ActiveCfg = Debug|Any CPU
		{32C820E4-6149-4356-927D-081C803C7CE7}.Debug|Any CPU.Build.0 = Debug|Any CPU
		{32C820E4-6149-4356-927D-081C803C7CE7}.Release|Any CPU.ActiveCfg = Release|Any CPU
		{32C820E4-6149-4356-927D-081C803C7CE7}.Release|Any CPU.Build.0 = Release|Any CPU
		{FCD26C26-49AA-48C2-9D46-D462ED6090D8}.Debug|Any CPU.ActiveCfg = Debug|Any CPU
		{FCD26C26-49AA-48C2-9D46-D462ED6090D8}.Debug|Any CPU.Build.0 = Debug|Any CPU
		{FCD26C26-49AA-48C2-9D46-D462ED6090D8}.Release|Any CPU.ActiveCfg = Release|Any CPU
		{FCD26C26-49AA-48C2-9D46-D462ED6090D8}.Release|Any CPU.Build.0 = Release|Any CPU
		{1CA5A7D2-A9D2-4DD0-B2F0-31FB4BCCAB98}.Debug|Any CPU.ActiveCfg = Debug|Any CPU
		{1CA5A7D2-A9D2-4DD0-B2F0-31FB4BCCAB98}.Debug|Any CPU.Build.0 = Debug|Any CPU
		{1CA5A7D2-A9D2-4DD0-B2F0-31FB4BCCAB98}.Release|Any CPU.ActiveCfg = Release|Any CPU
		{1CA5A7D2-A9D2-4DD0-B2F0-31FB4BCCAB98}.Release|Any CPU.Build.0 = Release|Any CPU
		{875F9F82-3F9D-47D5-A561-544E97A3F22B}.Debug|Any CPU.ActiveCfg = Debug|Any CPU
		{875F9F82-3F9D-47D5-A561-544E97A3F22B}.Debug|Any CPU.Build.0 = Debug|Any CPU
		{875F9F82-3F9D-47D5-A561-544E97A3F22B}.Release|Any CPU.ActiveCfg = Release|Any CPU
		{875F9F82-3F9D-47D5-A561-544E97A3F22B}.Release|Any CPU.Build.0 = Release|Any CPU
	EndGlobalSection
	GlobalSection(SolutionProperties) = preSolution
		HideSolutionNode = FALSE
	EndGlobalSection
	GlobalSection(NestedProjects) = preSolution
		{CEA87614-3FBD-4C43-8BC8-9348A2EDE9EB} = {07F1D291-8BA6-4105-A2F5-9496D5CBB720}
		{49CEF95E-F56B-47D3-B749-DDEA65F98451} = {07F1D291-8BA6-4105-A2F5-9496D5CBB720}
		{3275A5A2-3D80-4FD0-A82A-5470F3DB16EC} = {5A9FDE2A-2357-47AD-9022-58997374395E}
		{26B7D569-BC43-4ECF-83C8-8DA03B70CA4C} = {39312AF1-CB5B-4877-974C-5F03D7B93191}
		{78198F5E-3048-4BBA-9C96-F98613221550} = {49CEF95E-F56B-47D3-B749-DDEA65F98451}
		{2CF07879-9D9E-42B8-950C-4C5E0B08DB37} = {49CEF95E-F56B-47D3-B749-DDEA65F98451}
		{14DEDAA2-3D4B-45BC-AB54-61F768E82F89} = {CEA87614-3FBD-4C43-8BC8-9348A2EDE9EB}
		{D828FA5F-59B0-4408-9463-01127AA10293} = {CEA87614-3FBD-4C43-8BC8-9348A2EDE9EB}
		{20A0AEE2-36A1-4673-AE67-E2B850CDEA2D} = {045B88DB-944A-4774-8B21-FEA3871CAAD6}
		{44E9A1F5-0DF3-4351-9ABC-98DC75461EA0} = {3275A5A2-3D80-4FD0-A82A-5470F3DB16EC}
		{C9DE5CEC-B981-4BE6-98AA-1B1D90EFF162} = {49CEF95E-F56B-47D3-B749-DDEA65F98451}
		{15BB49EA-3AA3-44A9-8D10-3015526F2B0C} = {72D60324-146C-475E-A8FE-CE47221AA450}
		{0CC4DF1B-F991-499E-BFEE-1FA399FC47E4} = {72D60324-146C-475E-A8FE-CE47221AA450}
		{4EE254C8-42F3-4B3C-937B-DA5835A185AD} = {72D60324-146C-475E-A8FE-CE47221AA450}
		{0B426BF9-CD88-4B1C-A231-BB37D161200A} = {72D60324-146C-475E-A8FE-CE47221AA450}
		{32C820E4-6149-4356-927D-081C803C7CE7} = {72D60324-146C-475E-A8FE-CE47221AA450}
		{FCD26C26-49AA-48C2-9D46-D462ED6090D8} = {72D60324-146C-475E-A8FE-CE47221AA450}
		{1CA5A7D2-A9D2-4DD0-B2F0-31FB4BCCAB98} = {CEA87614-3FBD-4C43-8BC8-9348A2EDE9EB}
		{875F9F82-3F9D-47D5-A561-544E97A3F22B} = {49CEF95E-F56B-47D3-B749-DDEA65F98451}
	EndGlobalSection
	GlobalSection(ExtensibilityGlobals) = postSolution
		SolutionGuid = {C18B7884-4AC3-4874-A5BC-94FEC9A40243}
	EndGlobalSection
EndGlobal
